
Microsoft Visual Studio Solution File, Format Version 12.00
# Visual Studio Version 17
VisualStudioVersion = 17.14.36414.22
MinimumVisualStudioVersion = 10.0.40219.1
Project("{FAE04EC0-301F-11D3-BF4B-00C04F79EFBC}") = "BlazorFun", "BlazorFun.csproj", "{BD5907E6-C7C5-44E2-96F6-F6715903BE86}"
EndProject
Global
	GlobalSection(SolutionConfigurationPlatforms) = preSolution
		Debug|Any CPU = Debug|Any CPU
		Release|Any CPU = Release|Any CPU
	EndGlobalSection
	GlobalSection(ProjectConfigurationPlatforms) = postSolution
		{BD5907E6-C7C5-44E2-96F6-F6715903BE86}.Debug|Any CPU.ActiveCfg = Debug|Any CPU
		{BD5907E6-C7C5-44E2-96F6-F6715903BE86}.Debug|Any CPU.Build.0 = Debug|Any CPU
		{BD5907E6-C7C5-44E2-96F6-F6715903BE86}.Release|Any CPU.ActiveCfg = Release|Any CPU
		{BD5907E6-C7C5-44E2-96F6-F6715903BE86}.Release|Any CPU.Build.0 = Release|Any CPU
	EndGlobalSection
	GlobalSection(SolutionProperties) = preSolution
		HideSolutionNode = FALSE
	EndGlobalSection
	GlobalSection(ExtensibilityGlobals) = postSolution
		SolutionGuid = {CE9E5B11-F862-44B3-8A91-42676A698331}
	EndGlobalSection
EndGlobal
